// !$*UTF8*$!
{
	archiveVersion = 1;
	classes = {
	};
	objectVersion = 50;
	objects = {

/* Begin PBXBuildFile section */
		970E70617FC690B8E090E575 /* Pods_StarTrivia.framework in Frameworks */ = {isa = PBXBuildFile; fileRef = FF9FE588D5652B9A3F9C9852 /* Pods_StarTrivia.framework */; };
		F43084ED21888CE900CAAABB /* HomeworldVC.swift in Sources */ = {isa = PBXBuildFile; fileRef = F43084EC21888CE900CAAABB /* HomeworldVC.swift */; };
		F43084EF21888CFA00CAAABB /* VehiclesVC.swift in Sources */ = {isa = PBXBuildFile; fileRef = F43084EE21888CFA00CAAABB /* VehiclesVC.swift */; };
		F43084F121888D0600CAAABB /* StarshipsVC.swift in Sources */ = {isa = PBXBuildFile; fileRef = F43084F021888D0600CAAABB /* StarshipsVC.swift */; };
		F43084F321888D1200CAAABB /* FilmsVC.swift in Sources */ = {isa = PBXBuildFile; fileRef = F43084F221888D1200CAAABB /* FilmsVC.swift */; };
		F43084F52188990400CAAABB /* Homeworld.swift in Sources */ = {isa = PBXBuildFile; fileRef = F43084F42188990400CAAABB /* Homeworld.swift */; };
		F43084F72188995E00CAAABB /* HomeworldApi.swift in Sources */ = {isa = PBXBuildFile; fileRef = F43084F62188995E00CAAABB /* HomeworldApi.swift */; };
		F43AEA68218B3F8900D4059B /* Starship.swift in Sources */ = {isa = PBXBuildFile; fileRef = F43AEA67218B3F8900D4059B /* Starship.swift */; };
		F43AEA6A218B3FE000D4059B /* StarshipApi.swift in Sources */ = {isa = PBXBuildFile; fileRef = F43AEA69218B3FE000D4059B /* StarshipApi.swift */; };
		F43B79812189E60200EEC9CC /* Vehicle.swift in Sources */ = {isa = PBXBuildFile; fileRef = F43B79802189E60200EEC9CC /* Vehicle.swift */; };
		F43B79832189E76100EEC9CC /* VehicleApi.swift in Sources */ = {isa = PBXBuildFile; fileRef = F43B79822189E76100EEC9CC /* VehicleApi.swift */; };
		F442577E21685CAD00211850 /* BlackBackgroundView.swift in Sources */ = {isa = PBXBuildFile; fileRef = F442577D21685CAD00211850 /* BlackBackgroundView.swift */; };
		F442578121685D2F00211850 /* Constants.swift in Sources */ = {isa = PBXBuildFile; fileRef = F442578021685D2F00211850 /* Constants.swift */; };
		F44257842168627000211850 /* PersonApi.swift in Sources */ = {isa = PBXBuildFile; fileRef = F44257832168627000211850 /* PersonApi.swift */; };
		F45707BA21457CBB004886EE /* AppDelegate.swift in Sources */ = {isa = PBXBuildFile; fileRef = F45707B921457CBB004886EE /* AppDelegate.swift */; };
		F45707BC21457CBB004886EE /* SelectPersonVC.swift in Sources */ = {isa = PBXBuildFile; fileRef = F45707BB21457CBB004886EE /* SelectPersonVC.swift */; };
		F45707BF21457CBB004886EE /* Main.storyboard in Resources */ = {isa = PBXBuildFile; fileRef = F45707BD21457CBB004886EE /* Main.storyboard */; };
		F45707C121457CBC004886EE /* Assets.xcassets in Resources */ = {isa = PBXBuildFile; fileRef = F45707C021457CBC004886EE /* Assets.xcassets */; };
		F45707C421457CBC004886EE /* LaunchScreen.storyboard in Resources */ = {isa = PBXBuildFile; fileRef = F45707C221457CBC004886EE /* LaunchScreen.storyboard */; };
		F45707CC21457E9F004886EE /* Starjout.ttf in Resources */ = {isa = PBXBuildFile; fileRef = F45707CB21457E9F004886EE /* Starjout.ttf */; };
		F45707CF21457EB1004886EE /* Starjhol.ttf in Resources */ = {isa = PBXBuildFile; fileRef = F45707CD21457EB1004886EE /* Starjhol.ttf */; };
		F45707D021457EB1004886EE /* Starjedi.ttf in Resources */ = {isa = PBXBuildFile; fileRef = F45707CE21457EB1004886EE /* Starjedi.ttf */; };
		F484F359218C859300129C9B /* Film.swift in Sources */ = {isa = PBXBuildFile; fileRef = F484F358218C859300129C9B /* Film.swift */; };
		F484F35B218C866100129C9B /* FilmsApi.swift in Sources */ = {isa = PBXBuildFile; fileRef = F484F35A218C866100129C9B /* FilmsApi.swift */; };
		F493C3B52169335F007B27C2 /* Person.swift in Sources */ = {isa = PBXBuildFile; fileRef = F493C3B42169335F007B27C2 /* Person.swift */; };
		F4992D23218623B9007FD309 /* FadeEnabledBtn.swift in Sources */ = {isa = PBXBuildFile; fileRef = F4992D22218623B9007FD309 /* FadeEnabledBtn.swift */; };
/* End PBXBuildFile section */

/* Begin PBXFileReference section */
		1C89FA123079208EC7E84EC8 /* Pods-StarTrivia.debug.xcconfig */ = {isa = PBXFileReference; includeInIndex = 1; lastKnownFileType = text.xcconfig; name = "Pods-StarTrivia.debug.xcconfig"; path = "Pods/Target Support Files/Pods-StarTrivia/Pods-StarTrivia.debug.xcconfig"; sourceTree = "<group>"; };
		2D205CBA67977C90CD32055F /* Pods-StarTrivia.release.xcconfig */ = {isa = PBXFileReference; includeInIndex = 1; lastKnownFileType = text.xcconfig; name = "Pods-StarTrivia.release.xcconfig"; path = "Pods/Target Support Files/Pods-StarTrivia/Pods-StarTrivia.release.xcconfig"; sourceTree = "<group>"; };
		F43084EC21888CE900CAAABB /* HomeworldVC.swift */ = {isa = PBXFileReference; lastKnownFileType = sourcecode.swift; path = HomeworldVC.swift; sourceTree = "<group>"; };
		F43084EE21888CFA00CAAABB /* VehiclesVC.swift */ = {isa = PBXFileReference; lastKnownFileType = sourcecode.swift; path = VehiclesVC.swift; sourceTree = "<group>"; };
		F43084F021888D0600CAAABB /* StarshipsVC.swift */ = {isa = PBXFileReference; lastKnownFileType = sourcecode.swift; path = StarshipsVC.swift; sourceTree = "<group>"; };
		F43084F221888D1200CAAABB /* FilmsVC.swift */ = {isa = PBXFileReference; lastKnownFileType = sourcecode.swift; path = FilmsVC.swift; sourceTree = "<group>"; };
		F43084F42188990400CAAABB /* Homeworld.swift */ = {isa = PBXFileReference; lastKnownFileType = sourcecode.swift; path = Homeworld.swift; sourceTree = "<group>"; };
		F43084F62188995E00CAAABB /* HomeworldApi.swift */ = {isa = PBXFileReference; lastKnownFileType = sourcecode.swift; path = HomeworldApi.swift; sourceTree = "<group>"; };
		F43AEA67218B3F8900D4059B /* Starship.swift */ = {isa = PBXFileReference; lastKnownFileType = sourcecode.swift; path = Starship.swift; sourceTree = "<group>"; };
		F43AEA69218B3FE000D4059B /* StarshipApi.swift */ = {isa = PBXFileReference; lastKnownFileType = sourcecode.swift; path = StarshipApi.swift; sourceTree = "<group>"; };
		F43B79802189E60200EEC9CC /* Vehicle.swift */ = {isa = PBXFileReference; lastKnownFileType = sourcecode.swift; path = Vehicle.swift; sourceTree = "<group>"; };
		F43B79822189E76100EEC9CC /* VehicleApi.swift */ = {isa = PBXFileReference; lastKnownFileType = sourcecode.swift; path = VehicleApi.swift; sourceTree = "<group>"; };
		F442577D21685CAD00211850 /* BlackBackgroundView.swift */ = {isa = PBXFileReference; lastKnownFileType = sourcecode.swift; path = BlackBackgroundView.swift; sourceTree = "<group>"; };
		F442578021685D2F00211850 /* Constants.swift */ = {isa = PBXFileReference; lastKnownFileType = sourcecode.swift; path = Constants.swift; sourceTree = "<group>"; };
		F44257832168627000211850 /* PersonApi.swift */ = {isa = PBXFileReference; lastKnownFileType = sourcecode.swift; path = PersonApi.swift; sourceTree = "<group>"; };
		F45707B621457CBB004886EE /* StarTrivia.app */ = {isa = PBXFileReference; explicitFileType = wrapper.application; includeInIndex = 0; path = StarTrivia.app; sourceTree = BUILT_PRODUCTS_DIR; };
		F45707B921457CBB004886EE /* AppDelegate.swift */ = {isa = PBXFileReference; lastKnownFileType = sourcecode.swift; path = AppDelegate.swift; sourceTree = "<group>"; };
		F45707BB21457CBB004886EE /* SelectPersonVC.swift */ = {isa = PBXFileReference; lastKnownFileType = sourcecode.swift; path = SelectPersonVC.swift; sourceTree = "<group>"; };
		F45707BE21457CBB004886EE /* Base */ = {isa = PBXFileReference; lastKnownFileType = file.storyboard; name = Base; path = Base.lproj/Main.storyboard; sourceTree = "<group>"; };
		F45707C021457CBC004886EE /* Assets.xcassets */ = {isa = PBXFileReference; lastKnownFileType = folder.assetcatalog; path = Assets.xcassets; sourceTree = "<group>"; };
		F45707C321457CBC004886EE /* Base */ = {isa = PBXFileReference; lastKnownFileType = file.storyboard; name = Base; path = Base.lproj/LaunchScreen.storyboard; sourceTree = "<group>"; };
		F45707C521457CBC004886EE /* Info.plist */ = {isa = PBXFileReference; lastKnownFileType = text.plist.xml; path = Info.plist; sourceTree = "<group>"; };
		F45707CB21457E9F004886EE /* Starjout.ttf */ = {isa = PBXFileReference; lastKnownFileType = file; path = Starjout.ttf; sourceTree = "<group>"; };
		F45707CD21457EB1004886EE /* Starjhol.ttf */ = {isa = PBXFileReference; lastKnownFileType = file; path = Starjhol.ttf; sourceTree = "<group>"; };
		F45707CE21457EB1004886EE /* Starjedi.ttf */ = {isa = PBXFileReference; lastKnownFileType = file; path = Starjedi.ttf; sourceTree = "<group>"; };
		F484F358218C859300129C9B /* Film.swift */ = {isa = PBXFileReference; lastKnownFileType = sourcecode.swift; path = Film.swift; sourceTree = "<group>"; };
		F484F35A218C866100129C9B /* FilmsApi.swift */ = {isa = PBXFileReference; lastKnownFileType = sourcecode.swift; path = FilmsApi.swift; sourceTree = "<group>"; };
		F493C3B42169335F007B27C2 /* Person.swift */ = {isa = PBXFileReference; lastKnownFileType = sourcecode.swift; path = Person.swift; sourceTree = "<group>"; };
		F4992D22218623B9007FD309 /* FadeEnabledBtn.swift */ = {isa = PBXFileReference; lastKnownFileType = sourcecode.swift; path = FadeEnabledBtn.swift; sourceTree = "<group>"; };
		FF9FE588D5652B9A3F9C9852 /* Pods_StarTrivia.framework */ = {isa = PBXFileReference; explicitFileType = wrapper.framework; includeInIndex = 0; path = Pods_StarTrivia.framework; sourceTree = BUILT_PRODUCTS_DIR; };
/* End PBXFileReference section */

/* Begin PBXFrameworksBuildPhase section */
		F45707B321457CBB004886EE /* Frameworks */ = {
			isa = PBXFrameworksBuildPhase;
			buildActionMask = 2147483647;
			files = (
				970E70617FC690B8E090E575 /* Pods_StarTrivia.framework in Frameworks */,
			);
			runOnlyForDeploymentPostprocessing = 0;
		};
/* End PBXFrameworksBuildPhase section */

/* Begin PBXGroup section */
		6DAA684A3E5682A582CF43B5 /* Frameworks */ = {
			isa = PBXGroup;
			children = (
				FF9FE588D5652B9A3F9C9852 /* Pods_StarTrivia.framework */,
			);
			name = Frameworks;
			sourceTree = "<group>";
		};
		72D385634D28EF06F0039A89 /* Pods */ = {
			isa = PBXGroup;
			children = (
				1C89FA123079208EC7E84EC8 /* Pods-StarTrivia.debug.xcconfig */,
				2D205CBA67977C90CD32055F /* Pods-StarTrivia.release.xcconfig */,
			);
			name = Pods;
			sourceTree = "<group>";
		};
		F442577F21685D2000211850 /* Utils */ = {
			isa = PBXGroup;
			children = (
				F442578021685D2F00211850 /* Constants.swift */,
			);
			path = Utils;
			sourceTree = "<group>";
		};
		F44257822168625400211850 /* Services */ = {
			isa = PBXGroup;
			children = (
				F44257832168627000211850 /* PersonApi.swift */,
				F43084F62188995E00CAAABB /* HomeworldApi.swift */,
				F43B79822189E76100EEC9CC /* VehicleApi.swift */,
				F43AEA69218B3FE000D4059B /* StarshipApi.swift */,
				F484F35A218C866100129C9B /* FilmsApi.swift */,
			);
			path = Services;
			sourceTree = "<group>";
		};
		F45707AD21457CBB004886EE = {
			isa = PBXGroup;
			children = (
				F45707B821457CBB004886EE /* StarTrivia */,
				F45707B721457CBB004886EE /* Products */,
				72D385634D28EF06F0039A89 /* Pods */,
				6DAA684A3E5682A582CF43B5 /* Frameworks */,
			);
			sourceTree = "<group>";
		};
		F45707B721457CBB004886EE /* Products */ = {
			isa = PBXGroup;
			children = (
				F45707B621457CBB004886EE /* StarTrivia.app */,
			);
			name = Products;
			sourceTree = "<group>";
		};
		F45707B821457CBB004886EE /* StarTrivia */ = {
			isa = PBXGroup;
			children = (
				F45707D521457EE5004886EE /* Model */,
				F45707D421457EE0004886EE /* View */,
				F45707D321457EDA004886EE /* Controller */,
				F44257822168625400211850 /* Services */,
				F442577F21685D2000211850 /* Utils */,
				F45707D221457ECF004886EE /* Resources */,
				F45707B921457CBB004886EE /* AppDelegate.swift */,
				F45707BD21457CBB004886EE /* Main.storyboard */,
				F45707C021457CBC004886EE /* Assets.xcassets */,
				F45707C221457CBC004886EE /* LaunchScreen.storyboard */,
				F45707C521457CBC004886EE /* Info.plist */,
			);
			path = StarTrivia;
			sourceTree = "<group>";
		};
		F45707D121457EC4004886EE /* Fonts */ = {
			isa = PBXGroup;
			children = (
				F45707CE21457EB1004886EE /* Starjedi.ttf */,
				F45707CD21457EB1004886EE /* Starjhol.ttf */,
				F45707CB21457E9F004886EE /* Starjout.ttf */,
			);
			path = Fonts;
			sourceTree = "<group>";
		};
		F45707D221457ECF004886EE /* Resources */ = {
			isa = PBXGroup;
			children = (
				F45707D121457EC4004886EE /* Fonts */,
			);
			path = Resources;
			sourceTree = "<group>";
		};
		F45707D321457EDA004886EE /* Controller */ = {
			isa = PBXGroup;
			children = (
				F45707BB21457CBB004886EE /* SelectPersonVC.swift */,
				F43084EC21888CE900CAAABB /* HomeworldVC.swift */,
				F43084EE21888CFA00CAAABB /* VehiclesVC.swift */,
				F43084F021888D0600CAAABB /* StarshipsVC.swift */,
				F43084F221888D1200CAAABB /* FilmsVC.swift */,
			);
			path = Controller;
			sourceTree = "<group>";
		};
		F45707D421457EE0004886EE /* View */ = {
			isa = PBXGroup;
			children = (
				F442577D21685CAD00211850 /* BlackBackgroundView.swift */,
				F4992D22218623B9007FD309 /* FadeEnabledBtn.swift */,
			);
			path = View;
			sourceTree = "<group>";
		};
		F45707D521457EE5004886EE /* Model */ = {
			isa = PBXGroup;
			children = (
				F493C3B42169335F007B27C2 /* Person.swift */,
				F43084F42188990400CAAABB /* Homeworld.swift */,
				F43B79802189E60200EEC9CC /* Vehicle.swift */,
				F43AEA67218B3F8900D4059B /* Starship.swift */,
				F484F358218C859300129C9B /* Film.swift */,
			);
			path = Model;
			sourceTree = "<group>";
		};
/* End PBXGroup section */

/* Begin PBXNativeTarget section */
		F45707B521457CBB004886EE /* StarTrivia */ = {
			isa = PBXNativeTarget;
			buildConfigurationList = F45707C821457CBC004886EE /* Build configuration list for PBXNativeTarget "StarTrivia" */;
			buildPhases = (
				18DCA4C99F2714DA37BCDE0A /* [CP] Check Pods Manifest.lock */,
				F45707B221457CBB004886EE /* Sources */,
				F45707B321457CBB004886EE /* Frameworks */,
				F45707B421457CBB004886EE /* Resources */,
				18282C494EEBCDDDA7E7E803 /* [CP] Embed Pods Frameworks */,
			);
			buildRules = (
			);
			dependencies = (
			);
			name = StarTrivia;
			productName = StarTrivia;
			productReference = F45707B621457CBB004886EE /* StarTrivia.app */;
			productType = "com.apple.product-type.application";
		};
/* End PBXNativeTarget section */

/* Begin PBXProject section */
		F45707AE21457CBB004886EE /* Project object */ = {
			isa = PBXProject;
			attributes = {
				LastSwiftUpdateCheck = 1000;
				LastUpgradeCheck = 1000;
				ORGANIZATIONNAME = "Ezekiel De Leon";
				TargetAttributes = {
					F45707B521457CBB004886EE = {
						CreatedOnToolsVersion = 10.0;
					};
				};
			};
			buildConfigurationList = F45707B121457CBB004886EE /* Build configuration list for PBXProject "StarTrivia" */;
			compatibilityVersion = "Xcode 9.3";
			developmentRegion = en;
			hasScannedForEncodings = 0;
			knownRegions = (
				en,
				Base,
			);
			mainGroup = F45707AD21457CBB004886EE;
			productRefGroup = F45707B721457CBB004886EE /* Products */;
			projectDirPath = "";
			projectRoot = "";
			targets = (
				F45707B521457CBB004886EE /* StarTrivia */,
			);
		};
/* End PBXProject section */

/* Begin PBXResourcesBuildPhase section */
		F45707B421457CBB004886EE /* Resources */ = {
			isa = PBXResourcesBuildPhase;
			buildActionMask = 2147483647;
			files = (
				F45707CC21457E9F004886EE /* Starjout.ttf in Resources */,
				F45707C421457CBC004886EE /* LaunchScreen.storyboard in Resources */,
				F45707C121457CBC004886EE /* Assets.xcassets in Resources */,
				F45707CF21457EB1004886EE /* Starjhol.ttf in Resources */,
				F45707D021457EB1004886EE /* Starjedi.ttf in Resources */,
				F45707BF21457CBB004886EE /* Main.storyboard in Resources */,
			);
			runOnlyForDeploymentPostprocessing = 0;
		};
/* End PBXResourcesBuildPhase section */

/* Begin PBXShellScriptBuildPhase section */
		18282C494EEBCDDDA7E7E803 /* [CP] Embed Pods Frameworks */ = {
			isa = PBXShellScriptBuildPhase;
			buildActionMask = 2147483647;
			files = (
			);
			inputPaths = (
				"${SRCROOT}/Pods/Target Support Files/Pods-StarTrivia/Pods-StarTrivia-frameworks.sh",
				"${BUILT_PRODUCTS_DIR}/Alamofire/Alamofire.framework",
				"${BUILT_PRODUCTS_DIR}/SwiftyJSON/SwiftyJSON.framework",
			);
			name = "[CP] Embed Pods Frameworks";
			outputPaths = (
				"${TARGET_BUILD_DIR}/${FRAMEWORKS_FOLDER_PATH}/Alamofire.framework",
				"${TARGET_BUILD_DIR}/${FRAMEWORKS_FOLDER_PATH}/SwiftyJSON.framework",
			);
			runOnlyForDeploymentPostprocessing = 0;
			shellPath = /bin/sh;
			shellScript = "\"${SRCROOT}/Pods/Target Support Files/Pods-StarTrivia/Pods-StarTrivia-frameworks.sh\"\n";
			showEnvVarsInLog = 0;
		};
		18DCA4C99F2714DA37BCDE0A /* [CP] Check Pods Manifest.lock */ = {
			isa = PBXShellScriptBuildPhase;
			buildActionMask = 2147483647;
			files = (
			);
			inputPaths = (
				"${PODS_PODFILE_DIR_PATH}/Podfile.lock",
				"${PODS_ROOT}/Manifest.lock",
			);
			name = "[CP] Check Pods Manifest.lock";
			outputPaths = (
				"$(DERIVED_FILE_DIR)/Pods-StarTrivia-checkManifestLockResult.txt",
			);
			runOnlyForDeploymentPostprocessing = 0;
			shellPath = /bin/sh;
			shellScript = "diff \"${PODS_PODFILE_DIR_PATH}/Podfile.lock\" \"${PODS_ROOT}/Manifest.lock\" > /dev/null\nif [ $? != 0 ] ; then\n    # print error to STDERR\n    echo \"error: The sandbox is not in sync with the Podfile.lock. Run 'pod install' or update your CocoaPods installation.\" >&2\n    exit 1\nfi\n# This output is used by Xcode 'outputs' to avoid re-running this script phase.\necho \"SUCCESS\" > \"${SCRIPT_OUTPUT_FILE_0}\"\n";
			showEnvVarsInLog = 0;
		};
/* End PBXShellScriptBuildPhase section */

/* Begin PBXSourcesBuildPhase section */
		F45707B221457CBB004886EE /* Sources */ = {
			isa = PBXSourcesBuildPhase;
			buildActionMask = 2147483647;
			files = (
				F4992D23218623B9007FD309 /* FadeEnabledBtn.swift in Sources */,
				F493C3B52169335F007B27C2 /* Person.swift in Sources */,
				F43084F121888D0600CAAABB /* StarshipsVC.swift in Sources */,
				F43084F52188990400CAAABB /* Homeworld.swift in Sources */,
				F43B79812189E60200EEC9CC /* Vehicle.swift in Sources */,
				F43084EF21888CFA00CAAABB /* VehiclesVC.swift in Sources */,
				F43B79832189E76100EEC9CC /* VehicleApi.swift in Sources */,
				F484F359218C859300129C9B /* Film.swift in Sources */,
				F43AEA6A218B3FE000D4059B /* StarshipApi.swift in Sources */,
				F43AEA68218B3F8900D4059B /* Starship.swift in Sources */,
				F43084F72188995E00CAAABB /* HomeworldApi.swift in Sources */,
				F45707BC21457CBB004886EE /* SelectPersonVC.swift in Sources */,
				F484F35B218C866100129C9B /* FilmsApi.swift in Sources */,
				F442577E21685CAD00211850 /* BlackBackgroundView.swift in Sources */,
				F45707BA21457CBB004886EE /* AppDelegate.swift in Sources */,
				F44257842168627000211850 /* PersonApi.swift in Sources */,
				F43084F321888D1200CAAABB /* FilmsVC.swift in Sources */,
				F43084ED21888CE900CAAABB /* HomeworldVC.swift in Sources */,
				F442578121685D2F00211850 /* Constants.swift in Sources */,
			);
			runOnlyForDeploymentPostprocessing = 0;
		};
/* End PBXSourcesBuildPhase section */

/* Begin PBXVariantGroup section */
		F45707BD21457CBB004886EE /* Main.storyboard */ = {
			isa = PBXVariantGroup;
			children = (
				F45707BE21457CBB004886EE /* Base */,
			);
			name = Main.storyboard;
			sourceTree = "<group>";
		};
		F45707C221457CBC004886EE /* LaunchScreen.storyboard */ = {
			isa = PBXVariantGroup;
			children = (
				F45707C321457CBC004886EE /* Base */,
			);
			name = LaunchScreen.storyboard;
			sourceTree = "<group>";
		};
/* End PBXVariantGroup section */

/* Begin XCBuildConfiguration section */
		F45707C621457CBC004886EE /* Debug */ = {
			isa = XCBuildConfiguration;
			buildSettings = {
				ALWAYS_SEARCH_USER_PATHS = NO;
				CLANG_ANALYZER_NONNULL = YES;
				CLANG_ANALYZER_NUMBER_OBJECT_CONVERSION = YES_AGGRESSIVE;
				CLANG_CXX_LANGUAGE_STANDARD = "gnu++14";
				CLANG_CXX_LIBRARY = "libc++";
				CLANG_ENABLE_MODULES = YES;
				CLANG_ENABLE_OBJC_ARC = YES;
				CLANG_ENABLE_OBJC_WEAK = YES;
				CLANG_WARN_BLOCK_CAPTURE_AUTORELEASING = YES;
				CLANG_WARN_BOOL_CONVERSION = YES;
				CLANG_WARN_COMMA = YES;
				CLANG_WARN_CONSTANT_CONVERSION = YES;
				CLANG_WARN_DEPRECATED_OBJC_IMPLEMENTATIONS = YES;
				CLANG_WARN_DIRECT_OBJC_ISA_USAGE = YES_ERROR;
				CLANG_WARN_DOCUMENTATION_COMMENTS = YES;
				CLANG_WARN_EMPTY_BODY = YES;
				CLANG_WARN_ENUM_CONVERSION = YES;
				CLANG_WARN_INFINITE_RECURSION = YES;
				CLANG_WARN_INT_CONVERSION = YES;
				CLANG_WARN_NON_LITERAL_NULL_CONVERSION = YES;
				CLANG_WARN_OBJC_IMPLICIT_RETAIN_SELF = YES;
				CLANG_WARN_OBJC_LITERAL_CONVERSION = YES;
				CLANG_WARN_OBJC_ROOT_CLASS = YES_ERROR;
				CLANG_WARN_RANGE_LOOP_ANALYSIS = YES;
				CLANG_WARN_STRICT_PROTOTYPES = YES;
				CLANG_WARN_SUSPICIOUS_MOVE = YES;
				CLANG_WARN_UNGUARDED_AVAILABILITY = YES_AGGRESSIVE;
				CLANG_WARN_UNREACHABLE_CODE = YES;
				CLANG_WARN__DUPLICATE_METHOD_MATCH = YES;
				CODE_SIGN_IDENTITY = "iPhone Developer";
				COPY_PHASE_STRIP = NO;
				DEBUG_INFORMATION_FORMAT = dwarf;
				ENABLE_STRICT_OBJC_MSGSEND = YES;
				ENABLE_TESTABILITY = YES;
				GCC_C_LANGUAGE_STANDARD = gnu11;
				GCC_DYNAMIC_NO_PIC = NO;
				GCC_NO_COMMON_BLOCKS = YES;
				GCC_OPTIMIZATION_LEVEL = 0;
				GCC_PREPROCESSOR_DEFINITIONS = (
					"DEBUG=1",
					"$(inherited)",
				);
				GCC_WARN_64_TO_32_BIT_CONVERSION = YES;
				GCC_WARN_ABOUT_RETURN_TYPE = YES_ERROR;
				GCC_WARN_UNDECLARED_SELECTOR = YES;
				GCC_WARN_UNINITIALIZED_AUTOS = YES_AGGRESSIVE;
				GCC_WARN_UNUSED_FUNCTION = YES;
				GCC_WARN_UNUSED_VARIABLE = YES;
				IPHONEOS_DEPLOYMENT_TARGET = 12.0;
				MTL_ENABLE_DEBUG_INFO = INCLUDE_SOURCE;
				MTL_FAST_MATH = YES;
				ONLY_ACTIVE_ARCH = YES;
				SDKROOT = iphoneos;
				SWIFT_ACTIVE_COMPILATION_CONDITIONS = DEBUG;
				SWIFT_OPTIMIZATION_LEVEL = "-Onone";
			};
			name = Debug;
		};
		F45707C721457CBC004886EE /* Release */ = {
			isa = XCBuildConfiguration;
			buildSettings = {
				ALWAYS_SEARCH_USER_PATHS = NO;
				CLANG_ANALYZER_NONNULL = YES;
				CLANG_ANALYZER_NUMBER_OBJECT_CONVERSION = YES_AGGRESSIVE;
				CLANG_CXX_LANGUAGE_STANDARD = "gnu++14";
				CLANG_CXX_LIBRARY = "libc++";
				CLANG_ENABLE_MODULES = YES;
				CLANG_ENABLE_OBJC_ARC = YES;
				CLANG_ENABLE_OBJC_WEAK = YES;
				CLANG_WARN_BLOCK_CAPTURE_AUTORELEASING = YES;
				CLANG_WARN_BOOL_CONVERSION = YES;
				CLANG_WARN_COMMA = YES;
				CLANG_WARN_CONSTANT_CONVERSION = YES;
				CLANG_WARN_DEPRECATED_OBJC_IMPLEMENTATIONS = YES;
				CLANG_WARN_DIRECT_OBJC_ISA_USAGE = YES_ERROR;
				CLANG_WARN_DOCUMENTATION_COMMENTS = YES;
				CLANG_WARN_EMPTY_BODY = YES;
				CLANG_WARN_ENUM_CONVERSION = YES;
				CLANG_WARN_INFINITE_RECURSION = YES;
				CLANG_WARN_INT_CONVERSION = YES;
				CLANG_WARN_NON_LITERAL_NULL_CONVERSION = YES;
				CLANG_WARN_OBJC_IMPLICIT_RETAIN_SELF = YES;
				CLANG_WARN_OBJC_LITERAL_CONVERSION = YES;
				CLANG_WARN_OBJC_ROOT_CLASS = YES_ERROR;
				CLANG_WARN_RANGE_LOOP_ANALYSIS = YES;
				CLANG_WARN_STRICT_PROTOTYPES = YES;
				CLANG_WARN_SUSPICIOUS_MOVE = YES;
				CLANG_WARN_UNGUARDED_AVAILABILITY = YES_AGGRESSIVE;
				CLANG_WARN_UNREACHABLE_CODE = YES;
				CLANG_WARN__DUPLICATE_METHOD_MATCH = YES;
				CODE_SIGN_IDENTITY = "iPhone Developer";
				COPY_PHASE_STRIP = NO;
				DEBUG_INFORMATION_FORMAT = "dwarf-with-dsym";
				ENABLE_NS_ASSERTIONS = NO;
				ENABLE_STRICT_OBJC_MSGSEND = YES;
				GCC_C_LANGUAGE_STANDARD = gnu11;
				GCC_NO_COMMON_BLOCKS = YES;
				GCC_WARN_64_TO_32_BIT_CONVERSION = YES;
				GCC_WARN_ABOUT_RETURN_TYPE = YES_ERROR;
				GCC_WARN_UNDECLARED_SELECTOR = YES;
				GCC_WARN_UNINITIALIZED_AUTOS = YES_AGGRESSIVE;
				GCC_WARN_UNUSED_FUNCTION = YES;
				GCC_WARN_UNUSED_VARIABLE = YES;
				IPHONEOS_DEPLOYMENT_TARGET = 12.0;
				MTL_ENABLE_DEBUG_INFO = NO;
				MTL_FAST_MATH = YES;
				SDKROOT = iphoneos;
				SWIFT_COMPILATION_MODE = wholemodule;
				SWIFT_OPTIMIZATION_LEVEL = "-O";
				VALIDATE_PRODUCT = YES;
			};
			name = Release;
		};
		F45707C921457CBC004886EE /* Debug */ = {
			isa = XCBuildConfiguration;
			baseConfigurationReference = 1C89FA123079208EC7E84EC8 /* Pods-StarTrivia.debug.xcconfig */;
			buildSettings = {
				ASSETCATALOG_COMPILER_APPICON_NAME = AppIcon;
				CODE_SIGN_STYLE = Automatic;
				DEVELOPMENT_TEAM = 5U5P6JY7Z2;
				INFOPLIST_FILE = StarTrivia/Info.plist;
				LD_RUNPATH_SEARCH_PATHS = (
					"$(inherited)",
					"@executable_path/Frameworks",
				);
				PRODUCT_BUNDLE_IDENTIFIER = com.Ezekiel.StarTrivia;
				PRODUCT_NAME = "$(TARGET_NAME)";
				SWIFT_VERSION = 4.2;
				TARGETED_DEVICE_FAMILY = "1,2";
			};
			name = Debug;
		};
		F45707CA21457CBC004886EE /* Release */ = {
			isa = XCBuildConfiguration;
			baseConfigurationReference = 2D205CBA67977C90CD32055F /* Pods-StarTrivia.release.xcconfig */;
			buildSettings = {
				ASSETCATALOG_COMPILER_APPICON_NAME = AppIcon;
				CODE_SIGN_STYLE = Automatic;
				DEVELOPMENT_TEAM = 5U5P6JY7Z2;
				INFOPLIST_FILE = StarTrivia/Info.plist;
				LD_RUNPATH_SEARCH_PATHS = (
					"$(inherited)",
					"@executable_path/Frameworks",
				);
				PRODUCT_BUNDLE_IDENTIFIER = com.Ezekiel.StarTrivia;
				PRODUCT_NAME = "$(TARGET_NAME)";
				SWIFT_VERSION = 4.2;
				TARGETED_DEVICE_FAMILY = "1,2";
			};
			name = Release;
		};
/* End XCBuildConfiguration section */

/* Begin XCConfigurationList section */
		F45707B121457CBB004886EE /* Build configuration list for PBXProject "StarTrivia" */ = {
			isa = XCConfigurationList;
			buildConfigurations = (
				F45707C621457CBC004886EE /* Debug */,
				F45707C721457CBC004886EE /* Release */,
			);
			defaultConfigurationIsVisible = 0;
			defaultConfigurationName = Release;
		};
		F45707C821457CBC004886EE /* Build configuration list for PBXNativeTarget "StarTrivia" */ = {
			isa = XCConfigurationList;
			buildConfigurations = (
				F45707C921457CBC004886EE /* Debug */,
				F45707CA21457CBC004886EE /* Release */,
			);
			defaultConfigurationIsVisible = 0;
			defaultConfigurationName = Release;
		};
/* End XCConfigurationList section */
	};
	rootObject = F45707AE21457CBB004886EE /* Project object */;
}
